
Microsoft Visual Studio Solution File, Format Version 12.00
# Visual Studio 2012
# SharpDevelop 5.1
VisualStudioVersion = 12.0.30501.0
MinimumVisualStudioVersion = 10.0.40219.1
Project("{FAE04EC0-301F-11D3-BF4B-00C04F79EFBC}") = "ExpressionToCodeLib", "ExpressionToCodeLib\ExpressionToCodeLib.csproj", "{2472FFFC-E2F9-4043-8CA6-EB65D4059A0F}"
EndProject
Project("{FAE04EC0-301F-11D3-BF4B-00C04F79EFBC}") = "ExpressionToCodeTest", "ExpressionToCodeTest\ExpressionToCodeTest.csproj", "{404475DF-91DC-40B2-A933-1C4A3C9B7710}"
EndProject
Project("{2150E333-8FDC-42A3-9474-1A3956D46DE8}") = "Solution Items", "Solution Items", "{CA5B9979-2CAD-4D93-9591-128F5F8BA053}"
	ProjectSection(SolutionItems) = preProject
		LICENSE = LICENSE
		README.md = README.md
		VisualStudioTextEditor.vssettings = VisualStudioTextEditor.vssettings
		VsMacroForCodingStyle.txt = VsMacroForCodingStyle.txt
	EndProjectSection
EndProject
Project("{2150E333-8FDC-42A3-9474-1A3956D46DE8}") = ".nuget", ".nuget", "{3FA226A6-D138-487E-96FB-41FFACBD74B8}"
	ProjectSection(SolutionItems) = preProject
		.nuget\NuGet.Config = .nuget\NuGet.Config
		.nuget\NuGet.exe = .nuget\NuGet.exe
		.nuget\NuGet.targets = .nuget\NuGet.targets
	EndProjectSection
EndProject
Project("{FAE04EC0-301F-11D3-BF4B-00C04F79EFBC}") = "ExpressionToCode.Roslyn", "ExpressionToCode.Roslyn\ExpressionToCode.Roslyn.csproj", "{50D9B94F-D634-4696-B169-21EC5E9476D4}"
EndProject
Project("{FAE04EC0-301F-11D3-BF4B-00C04F79EFBC}") = "ExpressionToCode.Roslyn.Tests", "ExpressionToCode.Roslyn.Tests\ExpressionToCode.Roslyn.Tests.csproj", "{AA0D5B9B-DEDB-4632-B2C6-3020933DD750}"
EndProject
Global
	GlobalSection(SolutionConfigurationPlatforms) = preSolution
		Debug|Any CPU = Debug|Any CPU
		Release|Any CPU = Release|Any CPU
	EndGlobalSection
	GlobalSection(ProjectConfigurationPlatforms) = postSolution
		{2472FFFC-E2F9-4043-8CA6-EB65D4059A0F}.Debug|Any CPU.ActiveCfg = Debug|Any CPU
		{2472FFFC-E2F9-4043-8CA6-EB65D4059A0F}.Debug|Any CPU.Build.0 = Debug|Any CPU
		{2472FFFC-E2F9-4043-8CA6-EB65D4059A0F}.Release|Any CPU.ActiveCfg = Release|Any CPU
		{2472FFFC-E2F9-4043-8CA6-EB65D4059A0F}.Release|Any CPU.Build.0 = Release|Any CPU
		{404475DF-91DC-40B2-A933-1C4A3C9B7710}.Debug|Any CPU.ActiveCfg = Debug|Any CPU
		{404475DF-91DC-40B2-A933-1C4A3C9B7710}.Debug|Any CPU.Build.0 = Debug|Any CPU
		{404475DF-91DC-40B2-A933-1C4A3C9B7710}.Release|Any CPU.ActiveCfg = Release|Any CPU
		{404475DF-91DC-40B2-A933-1C4A3C9B7710}.Release|Any CPU.Build.0 = Release|Any CPU
		{50D9B94F-D634-4696-B169-21EC5E9476D4}.Debug|Any CPU.ActiveCfg = Debug|Any CPU
		{50D9B94F-D634-4696-B169-21EC5E9476D4}.Debug|Any CPU.Build.0 = Debug|Any CPU
		{50D9B94F-D634-4696-B169-21EC5E9476D4}.Release|Any CPU.ActiveCfg = Release|Any CPU
		{50D9B94F-D634-4696-B169-21EC5E9476D4}.Release|Any CPU.Build.0 = Release|Any CPU
		{AA0D5B9B-DEDB-4632-B2C6-3020933DD750}.Debug|Any CPU.ActiveCfg = Debug|Any CPU
		{AA0D5B9B-DEDB-4632-B2C6-3020933DD750}.Debug|Any CPU.Build.0 = Debug|Any CPU
		{AA0D5B9B-DEDB-4632-B2C6-3020933DD750}.Release|Any CPU.ActiveCfg = Release|Any CPU
		{AA0D5B9B-DEDB-4632-B2C6-3020933DD750}.Release|Any CPU.Build.0 = Release|Any CPU
	EndGlobalSection
	GlobalSection(SolutionProperties) = preSolution
		HideSolutionNode = FALSE
	EndGlobalSection
EndGlobal
